
Microsoft Visual Studio Solution File, Format Version 12.00
# Visual Studio 15
Project("{FAE04EC0-301F-11D3-BF4B-00C04F79EFBC}") = "UnityEngine.UI", "UnityEngine.UI.csproj", "{1AB77730-4AD5-D9BB-F9D7-A06BB79CD6E0}"
EndProject
Project("{FAE04EC0-301F-11D3-BF4B-00C04F79EFBC}") = "UnityEngine.TestRunner", "UnityEngine.TestRunner.csproj", "{2ED66F30-B6DA-3249-E013-A3B2F09DB140}"
EndProject
Project("{FAE04EC0-301F-11D3-BF4B-00C04F79EFBC}") = "Unity.Mathematics", "Unity.Mathematics.csproj", "{FE6072BE-1635-5725-F31B-84A8A2BB188D}"
EndProject
Project("{FAE04EC0-301F-11D3-BF4B-00C04F79EFBC}") = "Unity.2D.Animation.Triangle.Runtime", "Unity.2D.Animation.Triangle.Runtime.csproj", "{2674AD58-1359-B746-A74F-7116AACC2806}"
EndProject
Project("{FAE04EC0-301F-11D3-BF4B-00C04F79EFBC}") = "Unity.Timeline", "Unity.Timeline.csproj", "{249F4003-C1CD-30F0-8E09-973B7B373DF6}"
EndProject
Project("{FAE04EC0-301F-11D3-BF4B-00C04F79EFBC}") = "Assembly-CSharp", "Assembly-CSharp.csproj", "{F8D05EC8-4B65-D87F-6976-EBB63C38C1B6}"
EndProject
Project("{FAE04EC0-301F-11D3-BF4B-00C04F79EFBC}") = "Unity.TextMeshPro", "Unity.TextMeshPro.csproj", "{C6E99ED7-89EF-3409-6397-DBB09ECC2F77}"
EndProject
Project("{FAE04EC0-301F-11D3-BF4B-00C04F79EFBC}") = "Unity.2D.Animation.Runtime", "Unity.2D.Animation.Runtime.csproj", "{7E878093-C3C2-6DB0-114D-FDB0407D76B8}"
EndProject
Project("{FAE04EC0-301F-11D3-BF4B-00C04F79EFBC}") = "Unity.2D.IK.Runtime", "Unity.2D.IK.Runtime.csproj", "{3DB5D08B-43C7-CF47-1CBB-B506B0EBCA0F}"
EndProject
Project("{FAE04EC0-301F-11D3-BF4B-00C04F79EFBC}") = "Unity.2D.SpriteShape.Runtime", "Unity.2D.SpriteShape.Runtime.csproj", "{401F6EE6-7A34-2362-E463-B9D92EEB573A}"
EndProject
Project("{FAE04EC0-301F-11D3-BF4B-00C04F79EFBC}") = "Unity.2D.PixelPerfect", "Unity.2D.PixelPerfect.csproj", "{C8165B97-1DDF-A25D-0B2D-FCC9D7E6E265}"
EndProject
Project("{FAE04EC0-301F-11D3-BF4B-00C04F79EFBC}") = "Unity.2D.Common.Runtime", "Unity.2D.Common.Runtime.csproj", "{49828EF2-EC8B-07F4-F6BD-2D3672F73DE5}"
EndProject
Project("{FAE04EC0-301F-11D3-BF4B-00C04F79EFBC}") = "Unity.InternalAPIEngineBridge.001", "Unity.InternalAPIEngineBridge.001.csproj", "{558E3AC2-B1EA-EFCC-BC28-B936C7D23068}"
EndProject
Project("{FAE04EC0-301F-11D3-BF4B-00C04F79EFBC}") = "UnityEditor.TestRunner", "UnityEditor.TestRunner.csproj", "{112FEBCC-58CA-BBF5-A838-27EC3294B636}"
EndProject
Project("{FAE04EC0-301F-11D3-BF4B-00C04F79EFBC}") = "UnityEditor.UI", "UnityEditor.UI.csproj", "{9AEF7016-63D6-C6F3-FC9F-0CC8107FDAA5}"
EndProject
Project("{FAE04EC0-301F-11D3-BF4B-00C04F79EFBC}") = "Unity.Timeline.Editor", "Unity.Timeline.Editor.csproj", "{F41FBE2A-D673-A926-6FA2-F6628777C989}"
EndProject
Project("{FAE04EC0-301F-11D3-BF4B-00C04F79EFBC}") = "Unity.VisualStudio.Editor", "Unity.VisualStudio.Editor.csproj", "{4BCD7797-423D-38D8-4738-91F4D5C3CF48}"
EndProject
Project("{FAE04EC0-301F-11D3-BF4B-00C04F79EFBC}") = "Unity.2D.Psdimporter.Editor", "Unity.2D.Psdimporter.Editor.csproj", "{2705AD82-BF48-9A26-5917-54C7D9858F31}"
EndProject
Project("{FAE04EC0-301F-11D3-BF4B-00C04F79EFBC}") = "Unity.2D.Animation.Editor", "Unity.2D.Animation.Editor.csproj", "{E2F4480C-8F02-8DBE-5CCF-D8CA722F4C3D}"
EndProject
Project("{FAE04EC0-301F-11D3-BF4B-00C04F79EFBC}") = "Unity.TextMeshPro.Editor", "Unity.TextMeshPro.Editor.csproj", "{593EEB4D-6142-C6FE-B211-A3FC21F168B4}"
EndProject
Project("{FAE04EC0-301F-11D3-BF4B-00C04F79EFBC}") = "Unity.2D.SpriteShape.Editor", "Unity.2D.SpriteShape.Editor.csproj", "{C8DD6549-B65A-FCD2-CF95-07DCD356CAF3}"
EndProject
Project("{FAE04EC0-301F-11D3-BF4B-00C04F79EFBC}") = "Unity.CollabProxy.Editor", "Unity.CollabProxy.Editor.csproj", "{D8BAC60C-F294-E646-314A-391FEC862217}"
EndProject
Project("{FAE04EC0-301F-11D3-BF4B-00C04F79EFBC}") = "PsdPlugin", "PsdPlugin.csproj", "{CF405968-0EAC-1B95-E801-7B1A54AED12D}"
EndProject
Project("{FAE04EC0-301F-11D3-BF4B-00C04F79EFBC}") = "Unity.2D.Path.Editor", "Unity.2D.Path.Editor.csproj", "{2128A444-5D66-7E5F-A638-6F7F61960C03}"
EndProject
Project("{FAE04EC0-301F-11D3-BF4B-00C04F79EFBC}") = "Unity.Rider.Editor", "Unity.Rider.Editor.csproj", "{6CC850DA-3EFA-089A-5A52-D3E97ADB2969}"
EndProject
Project("{FAE04EC0-301F-11D3-BF4B-00C04F79EFBC}") = "Unity.2D.IK.Editor", "Unity.2D.IK.Editor.csproj", "{3D1E6E56-CFA1-171A-19C2-F0C0A7352AAC}"
EndProject
Project("{FAE04EC0-301F-11D3-BF4B-00C04F79EFBC}") = "Unity.2D.Sprite.Editor", "Unity.2D.Sprite.Editor.csproj", "{086463E6-33BD-34C0-48C7-AC4A8B5DF6DC}"
EndProject
Project("{FAE04EC0-301F-11D3-BF4B-00C04F79EFBC}") = "Unity.2D.Tilemap.Editor", "Unity.2D.Tilemap.Editor.csproj", "{325FBD9D-65EC-9563-D08C-2F365F439FBE}"
EndProject
Project("{FAE04EC0-301F-11D3-BF4B-00C04F79EFBC}") = "Unity.2D.PixelPerfect.Editor", "Unity.2D.PixelPerfect.Editor.csproj", "{61AA563F-9DBA-B88E-DD08-8DB7C90B7B45}"
EndProject
Project("{FAE04EC0-301F-11D3-BF4B-00C04F79EFBC}") = "Unity.VSCode.Editor", "Unity.VSCode.Editor.csproj", "{94940352-3C6F-95C8-610D-C778F86C6407}"
EndProject
Project("{FAE04EC0-301F-11D3-BF4B-00C04F79EFBC}") = "Unity.2D.Common.Editor", "Unity.2D.Common.Editor.csproj", "{E285246F-0032-BDD3-DE1F-5FC40997A4D9}"
EndProject
Project("{FAE04EC0-301F-11D3-BF4B-00C04F79EFBC}") = "Unity.Mathematics.Editor", "Unity.Mathematics.Editor.csproj", "{B5FB87FF-0107-C999-84BF-DCCE87A7830E}"
EndProject
Project("{FAE04EC0-301F-11D3-BF4B-00C04F79EFBC}") = "Unity.InternalAPIEditorBridge.001", "Unity.InternalAPIEditorBridge.001.csproj", "{881FE04B-89D1-39E7-D181-65E55980A44F}"
EndProject
Project("{FAE04EC0-301F-11D3-BF4B-00C04F79EFBC}") = "UnityEngine.UI", "UnityEngine.UI.Player.csproj", "{56C85DEC-1D52-DFA0-282B-4B1E89086EFF}"
EndProject
Project("{FAE04EC0-301F-11D3-BF4B-00C04F79EFBC}") = "UnityEngine.TestRunner", "UnityEngine.TestRunner.Player.csproj", "{1B823F2C-02E3-FBB3-5EE6-B21EFD059910}"
EndProject
Project("{FAE04EC0-301F-11D3-BF4B-00C04F79EFBC}") = "Unity.Mathematics", "Unity.Mathematics.Player.csproj", "{6D8C971B-4A2E-7997-9DC7-B554D5364602}"
EndProject
Project("{FAE04EC0-301F-11D3-BF4B-00C04F79EFBC}") = "Unity.2D.Animation.Triangle.Runtime", "Unity.2D.Animation.Triangle.Runtime.Player.csproj", "{B3F64969-47C4-010E-7FFE-1C8D2F35B89B}"
EndProject
Project("{FAE04EC0-301F-11D3-BF4B-00C04F79EFBC}") = "Unity.Timeline", "Unity.Timeline.Player.csproj", "{54C567AD-A164-4E71-B710-01D7D5099465}"
EndProject
Project("{FAE04EC0-301F-11D3-BF4B-00C04F79EFBC}") = "Assembly-CSharp", "Assembly-CSharp.Player.csproj", "{C9EC857F-548C-990C-BC0C-6E9995BE4515}"
EndProject
Project("{FAE04EC0-301F-11D3-BF4B-00C04F79EFBC}") = "Unity.TextMeshPro", "Unity.TextMeshPro.Player.csproj", "{CFE551C3-B82A-3839-9C52-93C0AFA5CBE7}"
EndProject
Project("{FAE04EC0-301F-11D3-BF4B-00C04F79EFBC}") = "Unity.2D.Animation.Runtime", "Unity.2D.Animation.Runtime.Player.csproj", "{DD826510-406F-17CE-6EFF-912B1DB3ED51}"
EndProject
Project("{FAE04EC0-301F-11D3-BF4B-00C04F79EFBC}") = "Unity.2D.IK.Runtime", "Unity.2D.IK.Runtime.Player.csproj", "{725CC1FA-8943-4E23-6BF1-CFCD31C002D6}"
EndProject
Project("{FAE04EC0-301F-11D3-BF4B-00C04F79EFBC}") = "Unity.2D.SpriteShape.Runtime", "Unity.2D.SpriteShape.Runtime.Player.csproj", "{89B11EFD-E629-0E88-C145-9D0D54254969}"
EndProject
Project("{FAE04EC0-301F-11D3-BF4B-00C04F79EFBC}") = "Unity.2D.PixelPerfect", "Unity.2D.PixelPerfect.Player.csproj", "{3CB330A1-D422-1525-8F97-7AC806E45822}"
EndProject
Project("{FAE04EC0-301F-11D3-BF4B-00C04F79EFBC}") = "Unity.2D.Common.Runtime", "Unity.2D.Common.Runtime.Player.csproj", "{6C79850D-0030-99C4-2DE7-D8F3969A2640}"
EndProject
Project("{FAE04EC0-301F-11D3-BF4B-00C04F79EFBC}") = "Unity.InternalAPIEngineBridge.001", "Unity.InternalAPIEngineBridge.001.Player.csproj", "{CE54E51A-2D31-F679-A641-CEE5A94C37A4}"
EndProject
Global
	GlobalSection(SolutionConfigurationPlatforms) = preSolution
		Debug|Any CPU = Debug|Any CPU
		Release|Any CPU = Release|Any CPU
	EndGlobalSection
	GlobalSection(ProjectConfigurationPlatforms) = postSolution
		{1AB77730-4AD5-D9BB-F9D7-A06BB79CD6E0}.Debug|Any CPU.ActiveCfg = Debug|Any CPU
		{1AB77730-4AD5-D9BB-F9D7-A06BB79CD6E0}.Debug|Any CPU.Build.0 = Debug|Any CPU
		{1AB77730-4AD5-D9BB-F9D7-A06BB79CD6E0}.Release|Any CPU.ActiveCfg = Release|Any CPU
		{1AB77730-4AD5-D9BB-F9D7-A06BB79CD6E0}.Release|Any CPU.Build.0 = Release|Any CPU
		{2ED66F30-B6DA-3249-E013-A3B2F09DB140}.Debug|Any CPU.ActiveCfg = Debug|Any CPU
		{2ED66F30-B6DA-3249-E013-A3B2F09DB140}.Debug|Any CPU.Build.0 = Debug|Any CPU
		{2ED66F30-B6DA-3249-E013-A3B2F09DB140}.Release|Any CPU.ActiveCfg = Release|Any CPU
		{2ED66F30-B6DA-3249-E013-A3B2F09DB140}.Release|Any CPU.Build.0 = Release|Any CPU
		{FE6072BE-1635-5725-F31B-84A8A2BB188D}.Debug|Any CPU.ActiveCfg = Debug|Any CPU
		{FE6072BE-1635-5725-F31B-84A8A2BB188D}.Debug|Any CPU.Build.0 = Debug|Any CPU
		{FE6072BE-1635-5725-F31B-84A8A2BB188D}.Release|Any CPU.ActiveCfg = Release|Any CPU
		{FE6072BE-1635-5725-F31B-84A8A2BB188D}.Release|Any CPU.Build.0 = Release|Any CPU
		{2674AD58-1359-B746-A74F-7116AACC2806}.Debug|Any CPU.ActiveCfg = Debug|Any CPU
		{2674AD58-1359-B746-A74F-7116AACC2806}.Debug|Any CPU.Build.0 = Debug|Any CPU
		{2674AD58-1359-B746-A74F-7116AACC2806}.Release|Any CPU.ActiveCfg = Release|Any CPU
		{2674AD58-1359-B746-A74F-7116AACC2806}.Release|Any CPU.Build.0 = Release|Any CPU
		{249F4003-C1CD-30F0-8E09-973B7B373DF6}.Debug|Any CPU.ActiveCfg = Debug|Any CPU
		{249F4003-C1CD-30F0-8E09-973B7B373DF6}.Debug|Any CPU.Build.0 = Debug|Any CPU
		{249F4003-C1CD-30F0-8E09-973B7B373DF6}.Release|Any CPU.ActiveCfg = Release|Any CPU
		{249F4003-C1CD-30F0-8E09-973B7B373DF6}.Release|Any CPU.Build.0 = Release|Any CPU
		{F8D05EC8-4B65-D87F-6976-EBB63C38C1B6}.Debug|Any CPU.ActiveCfg = Debug|Any CPU
		{F8D05EC8-4B65-D87F-6976-EBB63C38C1B6}.Debug|Any CPU.Build.0 = Debug|Any CPU
		{F8D05EC8-4B65-D87F-6976-EBB63C38C1B6}.Release|Any CPU.ActiveCfg = Release|Any CPU
		{F8D05EC8-4B65-D87F-6976-EBB63C38C1B6}.Release|Any CPU.Build.0 = Release|Any CPU
		{C6E99ED7-89EF-3409-6397-DBB09ECC2F77}.Debug|Any CPU.ActiveCfg = Debug|Any CPU
		{C6E99ED7-89EF-3409-6397-DBB09ECC2F77}.Debug|Any CPU.Build.0 = Debug|Any CPU
		{C6E99ED7-89EF-3409-6397-DBB09ECC2F77}.Release|Any CPU.ActiveCfg = Release|Any CPU
		{C6E99ED7-89EF-3409-6397-DBB09ECC2F77}.Release|Any CPU.Build.0 = Release|Any CPU
		{7E878093-C3C2-6DB0-114D-FDB0407D76B8}.Debug|Any CPU.ActiveCfg = Debug|Any CPU
		{7E878093-C3C2-6DB0-114D-FDB0407D76B8}.Debug|Any CPU.Build.0 = Debug|Any CPU
		{7E878093-C3C2-6DB0-114D-FDB0407D76B8}.Release|Any CPU.ActiveCfg = Release|Any CPU
		{7E878093-C3C2-6DB0-114D-FDB0407D76B8}.Release|Any CPU.Build.0 = Release|Any CPU
		{3DB5D08B-43C7-CF47-1CBB-B506B0EBCA0F}.Debug|Any CPU.ActiveCfg = Debug|Any CPU
		{3DB5D08B-43C7-CF47-1CBB-B506B0EBCA0F}.Debug|Any CPU.Build.0 = Debug|Any CPU
		{3DB5D08B-43C7-CF47-1CBB-B506B0EBCA0F}.Release|Any CPU.ActiveCfg = Release|Any CPU
		{3DB5D08B-43C7-CF47-1CBB-B506B0EBCA0F}.Release|Any CPU.Build.0 = Release|Any CPU
		{401F6EE6-7A34-2362-E463-B9D92EEB573A}.Debug|Any CPU.ActiveCfg = Debug|Any CPU
		{401F6EE6-7A34-2362-E463-B9D92EEB573A}.Debug|Any CPU.Build.0 = Debug|Any CPU
		{401F6EE6-7A34-2362-E463-B9D92EEB573A}.Release|Any CPU.ActiveCfg = Release|Any CPU
		{401F6EE6-7A34-2362-E463-B9D92EEB573A}.Release|Any CPU.Build.0 = Release|Any CPU
		{C8165B97-1DDF-A25D-0B2D-FCC9D7E6E265}.Debug|Any CPU.ActiveCfg = Debug|Any CPU
		{C8165B97-1DDF-A25D-0B2D-FCC9D7E6E265}.Debug|Any CPU.Build.0 = Debug|Any CPU
		{C8165B97-1DDF-A25D-0B2D-FCC9D7E6E265}.Release|Any CPU.ActiveCfg = Release|Any CPU
		{C8165B97-1DDF-A25D-0B2D-FCC9D7E6E265}.Release|Any CPU.Build.0 = Release|Any CPU
		{49828EF2-EC8B-07F4-F6BD-2D3672F73DE5}.Debug|Any CPU.ActiveCfg = Debug|Any CPU
		{49828EF2-EC8B-07F4-F6BD-2D3672F73DE5}.Debug|Any CPU.Build.0 = Debug|Any CPU
		{49828EF2-EC8B-07F4-F6BD-2D3672F73DE5}.Release|Any CPU.ActiveCfg = Release|Any CPU
		{49828EF2-EC8B-07F4-F6BD-2D3672F73DE5}.Release|Any CPU.Build.0 = Release|Any CPU
		{558E3AC2-B1EA-EFCC-BC28-B936C7D23068}.Debug|Any CPU.ActiveCfg = Debug|Any CPU
		{558E3AC2-B1EA-EFCC-BC28-B936C7D23068}.Debug|Any CPU.Build.0 = Debug|Any CPU
		{558E3AC2-B1EA-EFCC-BC28-B936C7D23068}.Release|Any CPU.ActiveCfg = Release|Any CPU
		{558E3AC2-B1EA-EFCC-BC28-B936C7D23068}.Release|Any CPU.Build.0 = Release|Any CPU
		{112FEBCC-58CA-BBF5-A838-27EC3294B636}.Debug|Any CPU.ActiveCfg = Debug|Any CPU
		{112FEBCC-58CA-BBF5-A838-27EC3294B636}.Debug|Any CPU.Build.0 = Debug|Any CPU
		{112FEBCC-58CA-BBF5-A838-27EC3294B636}.Release|Any CPU.ActiveCfg = Release|Any CPU
		{112FEBCC-58CA-BBF5-A838-27EC3294B636}.Release|Any CPU.Build.0 = Release|Any CPU
		{9AEF7016-63D6-C6F3-FC9F-0CC8107FDAA5}.Debug|Any CPU.ActiveCfg = Debug|Any CPU
		{9AEF7016-63D6-C6F3-FC9F-0CC8107FDAA5}.Debug|Any CPU.Build.0 = Debug|Any CPU
		{9AEF7016-63D6-C6F3-FC9F-0CC8107FDAA5}.Release|Any CPU.ActiveCfg = Release|Any CPU
		{9AEF7016-63D6-C6F3-FC9F-0CC8107FDAA5}.Release|Any CPU.Build.0 = Release|Any CPU
		{F41FBE2A-D673-A926-6FA2-F6628777C989}.Debug|Any CPU.ActiveCfg = Debug|Any CPU
		{F41FBE2A-D673-A926-6FA2-F6628777C989}.Debug|Any CPU.Build.0 = Debug|Any CPU
		{F41FBE2A-D673-A926-6FA2-F6628777C989}.Release|Any CPU.ActiveCfg = Release|Any CPU
		{F41FBE2A-D673-A926-6FA2-F6628777C989}.Release|Any CPU.Build.0 = Release|Any CPU
		{4BCD7797-423D-38D8-4738-91F4D5C3CF48}.Debug|Any CPU.ActiveCfg = Debug|Any CPU
		{4BCD7797-423D-38D8-4738-91F4D5C3CF48}.Debug|Any CPU.Build.0 = Debug|Any CPU
		{4BCD7797-423D-38D8-4738-91F4D5C3CF48}.Release|Any CPU.ActiveCfg = Release|Any CPU
		{4BCD7797-423D-38D8-4738-91F4D5C3CF48}.Release|Any CPU.Build.0 = Release|Any CPU
		{2705AD82-BF48-9A26-5917-54C7D9858F31}.Debug|Any CPU.ActiveCfg = Debug|Any CPU
		{2705AD82-BF48-9A26-5917-54C7D9858F31}.Debug|Any CPU.Build.0 = Debug|Any CPU
		{2705AD82-BF48-9A26-5917-54C7D9858F31}.Release|Any CPU.ActiveCfg = Release|Any CPU
		{2705AD82-BF48-9A26-5917-54C7D9858F31}.Release|Any CPU.Build.0 = Release|Any CPU
		{E2F4480C-8F02-8DBE-5CCF-D8CA722F4C3D}.Debug|Any CPU.ActiveCfg = Debug|Any CPU
		{E2F4480C-8F02-8DBE-5CCF-D8CA722F4C3D}.Debug|Any CPU.Build.0 = Debug|Any CPU
		{E2F4480C-8F02-8DBE-5CCF-D8CA722F4C3D}.Release|Any CPU.ActiveCfg = Release|Any CPU
		{E2F4480C-8F02-8DBE-5CCF-D8CA722F4C3D}.Release|Any CPU.Build.0 = Release|Any CPU
		{593EEB4D-6142-C6FE-B211-A3FC21F168B4}.Debug|Any CPU.ActiveCfg = Debug|Any CPU
		{593EEB4D-6142-C6FE-B211-A3FC21F168B4}.Debug|Any CPU.Build.0 = Debug|Any CPU
		{593EEB4D-6142-C6FE-B211-A3FC21F168B4}.Release|Any CPU.ActiveCfg = Release|Any CPU
		{593EEB4D-6142-C6FE-B211-A3FC21F168B4}.Release|Any CPU.Build.0 = Release|Any CPU
		{C8DD6549-B65A-FCD2-CF95-07DCD356CAF3}.Debug|Any CPU.ActiveCfg = Debug|Any CPU
		{C8DD6549-B65A-FCD2-CF95-07DCD356CAF3}.Debug|Any CPU.Build.0 = Debug|Any CPU
		{C8DD6549-B65A-FCD2-CF95-07DCD356CAF3}.Release|Any CPU.ActiveCfg = Release|Any CPU
		{C8DD6549-B65A-FCD2-CF95-07DCD356CAF3}.Release|Any CPU.Build.0 = Release|Any CPU
		{D8BAC60C-F294-E646-314A-391FEC862217}.Debug|Any CPU.ActiveCfg = Debug|Any CPU
		{D8BAC60C-F294-E646-314A-391FEC862217}.Debug|Any CPU.Build.0 = Debug|Any CPU
		{D8BAC60C-F294-E646-314A-391FEC862217}.Release|Any CPU.ActiveCfg = Release|Any CPU
		{D8BAC60C-F294-E646-314A-391FEC862217}.Release|Any CPU.Build.0 = Release|Any CPU
		{CF405968-0EAC-1B95-E801-7B1A54AED12D}.Debug|Any CPU.ActiveCfg = Debug|Any CPU
		{CF405968-0EAC-1B95-E801-7B1A54AED12D}.Debug|Any CPU.Build.0 = Debug|Any CPU
		{CF405968-0EAC-1B95-E801-7B1A54AED12D}.Release|Any CPU.ActiveCfg = Release|Any CPU
		{CF405968-0EAC-1B95-E801-7B1A54AED12D}.Release|Any CPU.Build.0 = Release|Any CPU
		{2128A444-5D66-7E5F-A638-6F7F61960C03}.Debug|Any CPU.ActiveCfg = Debug|Any CPU
		{2128A444-5D66-7E5F-A638-6F7F61960C03}.Debug|Any CPU.Build.0 = Debug|Any CPU
		{2128A444-5D66-7E5F-A638-6F7F61960C03}.Release|Any CPU.ActiveCfg = Release|Any CPU
		{2128A444-5D66-7E5F-A638-6F7F61960C03}.Release|Any CPU.Build.0 = Release|Any CPU
		{6CC850DA-3EFA-089A-5A52-D3E97ADB2969}.Debug|Any CPU.ActiveCfg = Debug|Any CPU
		{6CC850DA-3EFA-089A-5A52-D3E97ADB2969}.Debug|Any CPU.Build.0 = Debug|Any CPU
		{6CC850DA-3EFA-089A-5A52-D3E97ADB2969}.Release|Any CPU.ActiveCfg = Release|Any CPU
		{6CC850DA-3EFA-089A-5A52-D3E97ADB2969}.Release|Any CPU.Build.0 = Release|Any CPU
		{3D1E6E56-CFA1-171A-19C2-F0C0A7352AAC}.Debug|Any CPU.ActiveCfg = Debug|Any CPU
		{3D1E6E56-CFA1-171A-19C2-F0C0A7352AAC}.Debug|Any CPU.Build.0 = Debug|Any CPU
		{3D1E6E56-CFA1-171A-19C2-F0C0A7352AAC}.Release|Any CPU.ActiveCfg = Release|Any CPU
		{3D1E6E56-CFA1-171A-19C2-F0C0A7352AAC}.Release|Any CPU.Build.0 = Release|Any CPU
		{086463E6-33BD-34C0-48C7-AC4A8B5DF6DC}.Debug|Any CPU.ActiveCfg = Debug|Any CPU
		{086463E6-33BD-34C0-48C7-AC4A8B5DF6DC}.Debug|Any CPU.Build.0 = Debug|Any CPU
		{086463E6-33BD-34C0-48C7-AC4A8B5DF6DC}.Release|Any CPU.ActiveCfg = Release|Any CPU
		{086463E6-33BD-34C0-48C7-AC4A8B5DF6DC}.Release|Any CPU.Build.0 = Release|Any CPU
		{325FBD9D-65EC-9563-D08C-2F365F439FBE}.Debug|Any CPU.ActiveCfg = Debug|Any CPU
		{325FBD9D-65EC-9563-D08C-2F365F439FBE}.Debug|Any CPU.Build.0 = Debug|Any CPU
		{325FBD9D-65EC-9563-D08C-2F365F439FBE}.Release|Any CPU.ActiveCfg = Release|Any CPU
		{325FBD9D-65EC-9563-D08C-2F365F439FBE}.Release|Any CPU.Build.0 = Release|Any CPU
		{61AA563F-9DBA-B88E-DD08-8DB7C90B7B45}.Debug|Any CPU.ActiveCfg = Debug|Any CPU
		{61AA563F-9DBA-B88E-DD08-8DB7C90B7B45}.Debug|Any CPU.Build.0 = Debug|Any CPU
		{61AA563F-9DBA-B88E-DD08-8DB7C90B7B45}.Release|Any CPU.ActiveCfg = Release|Any CPU
		{61AA563F-9DBA-B88E-DD08-8DB7C90B7B45}.Release|Any CPU.Build.0 = Release|Any CPU
		{94940352-3C6F-95C8-610D-C778F86C6407}.Debug|Any CPU.ActiveCfg = Debug|Any CPU
		{94940352-3C6F-95C8-610D-C778F86C6407}.Debug|Any CPU.Build.0 = Debug|Any CPU
		{94940352-3C6F-95C8-610D-C778F86C6407}.Release|Any CPU.ActiveCfg = Release|Any CPU
		{94940352-3C6F-95C8-610D-C778F86C6407}.Release|Any CPU.Build.0 = Release|Any CPU
		{E285246F-0032-BDD3-DE1F-5FC40997A4D9}.Debug|Any CPU.ActiveCfg = Debug|Any CPU
		{E285246F-0032-BDD3-DE1F-5FC40997A4D9}.Debug|Any CPU.Build.0 = Debug|Any CPU
		{E285246F-0032-BDD3-DE1F-5FC40997A4D9}.Release|Any CPU.ActiveCfg = Release|Any CPU
		{E285246F-0032-BDD3-DE1F-5FC40997A4D9}.Release|Any CPU.Build.0 = Release|Any CPU
		{B5FB87FF-0107-C999-84BF-DCCE87A7830E}.Debug|Any CPU.ActiveCfg = Debug|Any CPU
		{B5FB87FF-0107-C999-84BF-DCCE87A7830E}.Debug|Any CPU.Build.0 = Debug|Any CPU
		{B5FB87FF-0107-C999-84BF-DCCE87A7830E}.Release|Any CPU.ActiveCfg = Release|Any CPU
		{B5FB87FF-0107-C999-84BF-DCCE87A7830E}.Release|Any CPU.Build.0 = Release|Any CPU
		{881FE04B-89D1-39E7-D181-65E55980A44F}.Debug|Any CPU.ActiveCfg = Debug|Any CPU
		{881FE04B-89D1-39E7-D181-65E55980A44F}.Debug|Any CPU.Build.0 = Debug|Any CPU
		{881FE04B-89D1-39E7-D181-65E55980A44F}.Release|Any CPU.ActiveCfg = Release|Any CPU
		{881FE04B-89D1-39E7-D181-65E55980A44F}.Release|Any CPU.Build.0 = Release|Any CPU
		{56C85DEC-1D52-DFA0-282B-4B1E89086EFF}.Debug|Any CPU.ActiveCfg = Debug|Any CPU
		{56C85DEC-1D52-DFA0-282B-4B1E89086EFF}.Debug|Any CPU.Build.0 = Debug|Any CPU
		{56C85DEC-1D52-DFA0-282B-4B1E89086EFF}.Release|Any CPU.ActiveCfg = Release|Any CPU
		{56C85DEC-1D52-DFA0-282B-4B1E89086EFF}.Release|Any CPU.Build.0 = Release|Any CPU
		{1B823F2C-02E3-FBB3-5EE6-B21EFD059910}.Debug|Any CPU.ActiveCfg = Debug|Any CPU
		{1B823F2C-02E3-FBB3-5EE6-B21EFD059910}.Debug|Any CPU.Build.0 = Debug|Any CPU
		{1B823F2C-02E3-FBB3-5EE6-B21EFD059910}.Release|Any CPU.ActiveCfg = Release|Any CPU
		{1B823F2C-02E3-FBB3-5EE6-B21EFD059910}.Release|Any CPU.Build.0 = Release|Any CPU
		{6D8C971B-4A2E-7997-9DC7-B554D5364602}.Debug|Any CPU.ActiveCfg = Debug|Any CPU
		{6D8C971B-4A2E-7997-9DC7-B554D5364602}.Debug|Any CPU.Build.0 = Debug|Any CPU
		{6D8C971B-4A2E-7997-9DC7-B554D5364602}.Release|Any CPU.ActiveCfg = Release|Any CPU
		{6D8C971B-4A2E-7997-9DC7-B554D5364602}.Release|Any CPU.Build.0 = Release|Any CPU
		{B3F64969-47C4-010E-7FFE-1C8D2F35B89B}.Debug|Any CPU.ActiveCfg = Debug|Any CPU
		{B3F64969-47C4-010E-7FFE-1C8D2F35B89B}.Debug|Any CPU.Build.0 = Debug|Any CPU
		{B3F64969-47C4-010E-7FFE-1C8D2F35B89B}.Release|Any CPU.ActiveCfg = Release|Any CPU
		{B3F64969-47C4-010E-7FFE-1C8D2F35B89B}.Release|Any CPU.Build.0 = Release|Any CPU
		{54C567AD-A164-4E71-B710-01D7D5099465}.Debug|Any CPU.ActiveCfg = Debug|Any CPU
		{54C567AD-A164-4E71-B710-01D7D5099465}.Debug|Any CPU.Build.0 = Debug|Any CPU
		{54C567AD-A164-4E71-B710-01D7D5099465}.Release|Any CPU.ActiveCfg = Release|Any CPU
		{54C567AD-A164-4E71-B710-01D7D5099465}.Release|Any CPU.Build.0 = Release|Any CPU
		{C9EC857F-548C-990C-BC0C-6E9995BE4515}.Debug|Any CPU.ActiveCfg = Debug|Any CPU
		{C9EC857F-548C-990C-BC0C-6E9995BE4515}.Debug|Any CPU.Build.0 = Debug|Any CPU
		{C9EC857F-548C-990C-BC0C-6E9995BE4515}.Release|Any CPU.ActiveCfg = Release|Any CPU
		{C9EC857F-548C-990C-BC0C-6E9995BE4515}.Release|Any CPU.Build.0 = Release|Any CPU
		{CFE551C3-B82A-3839-9C52-93C0AFA5CBE7}.Debug|Any CPU.ActiveCfg = Debug|Any CPU
		{CFE551C3-B82A-3839-9C52-93C0AFA5CBE7}.Debug|Any CPU.Build.0 = Debug|Any CPU
		{CFE551C3-B82A-3839-9C52-93C0AFA5CBE7}.Release|Any CPU.ActiveCfg = Release|Any CPU
		{CFE551C3-B82A-3839-9C52-93C0AFA5CBE7}.Release|Any CPU.Build.0 = Release|Any CPU
		{DD826510-406F-17CE-6EFF-912B1DB3ED51}.Debug|Any CPU.ActiveCfg = Debug|Any CPU
		{DD826510-406F-17CE-6EFF-912B1DB3ED51}.Debug|Any CPU.Build.0 = Debug|Any CPU
		{DD826510-406F-17CE-6EFF-912B1DB3ED51}.Release|Any CPU.ActiveCfg = Release|Any CPU
		{DD826510-406F-17CE-6EFF-912B1DB3ED51}.Release|Any CPU.Build.0 = Release|Any CPU
		{725CC1FA-8943-4E23-6BF1-CFCD31C002D6}.Debug|Any CPU.ActiveCfg = Debug|Any CPU
		{725CC1FA-8943-4E23-6BF1-CFCD31C002D6}.Debug|Any CPU.Build.0 = Debug|Any CPU
		{725CC1FA-8943-4E23-6BF1-CFCD31C002D6}.Release|Any CPU.ActiveCfg = Release|Any CPU
		{725CC1FA-8943-4E23-6BF1-CFCD31C002D6}.Release|Any CPU.Build.0 = Release|Any CPU
		{89B11EFD-E629-0E88-C145-9D0D54254969}.Debug|Any CPU.ActiveCfg = Debug|Any CPU
		{89B11EFD-E629-0E88-C145-9D0D54254969}.Debug|Any CPU.Build.0 = Debug|Any CPU
		{89B11EFD-E629-0E88-C145-9D0D54254969}.Release|Any CPU.ActiveCfg = Release|Any CPU
		{89B11EFD-E629-0E88-C145-9D0D54254969}.Release|Any CPU.Build.0 = Release|Any CPU
		{3CB330A1-D422-1525-8F97-7AC806E45822}.Debug|Any CPU.ActiveCfg = Debug|Any CPU
		{3CB330A1-D422-1525-8F97-7AC806E45822}.Debug|Any CPU.Build.0 = Debug|Any CPU
		{3CB330A1-D422-1525-8F97-7AC806E45822}.Release|Any CPU.ActiveCfg = Release|Any CPU
		{3CB330A1-D422-1525-8F97-7AC806E45822}.Release|Any CPU.Build.0 = Release|Any CPU
		{6C79850D-0030-99C4-2DE7-D8F3969A2640}.Debug|Any CPU.ActiveCfg = Debug|Any CPU
		{6C79850D-0030-99C4-2DE7-D8F3969A2640}.Debug|Any CPU.Build.0 = Debug|Any CPU
		{6C79850D-0030-99C4-2DE7-D8F3969A2640}.Release|Any CPU.ActiveCfg = Release|Any CPU
		{6C79850D-0030-99C4-2DE7-D8F3969A2640}.Release|Any CPU.Build.0 = Release|Any CPU
		{CE54E51A-2D31-F679-A641-CEE5A94C37A4}.Debug|Any CPU.ActiveCfg = Debug|Any CPU
		{CE54E51A-2D31-F679-A641-CEE5A94C37A4}.Debug|Any CPU.Build.0 = Debug|Any CPU
		{CE54E51A-2D31-F679-A641-CEE5A94C37A4}.Release|Any CPU.ActiveCfg = Release|Any CPU
		{CE54E51A-2D31-F679-A641-CEE5A94C37A4}.Release|Any CPU.Build.0 = Release|Any CPU
	EndGlobalSection
	GlobalSection(SolutionProperties) = preSolution
		HideSolutionNode = FALSE
	EndGlobalSection
EndGlobal
